
Microsoft Visual Studio Solution File, Format Version 12.00
# Visual Studio Version 16
VisualStudioVersion = 16.0.31313.79
MinimumVisualStudioVersion = 10.0.40219.1
Project("{FAE04EC0-301F-11D3-BF4B-00C04F79EFBC}") = "ProvaAutomacao", "ProvaAutomacao.csproj", "{20E7B245-3702-495E-841F-E6F5379B6DE1}"
EndProject
Global
	GlobalSection(SolutionConfigurationPlatforms) = preSolution
		Debug|Any CPU = Debug|Any CPU
		Release|Any CPU = Release|Any CPU
	EndGlobalSection
	GlobalSection(ProjectConfigurationPlatforms) = postSolution
		{20E7B245-3702-495E-841F-E6F5379B6DE1}.Debug|Any CPU.ActiveCfg = Debug|Any CPU
		{20E7B245-3702-495E-841F-E6F5379B6DE1}.Debug|Any CPU.Build.0 = Debug|Any CPU
		{20E7B245-3702-495E-841F-E6F5379B6DE1}.Release|Any CPU.ActiveCfg = Release|Any CPU
		{20E7B245-3702-495E-841F-E6F5379B6DE1}.Release|Any CPU.Build.0 = Release|Any CPU
	EndGlobalSection
	GlobalSection(SolutionProperties) = preSolution
		HideSolutionNode = FALSE
	EndGlobalSection
	GlobalSection(ExtensibilityGlobals) = postSolution
		SolutionGuid = {1CE5B42E-826E-4DFC-8C25-D55C9F87325D}
	EndGlobalSection
EndGlobal
